
Microsoft Visual Studio Solution File, Format Version 12.00
# Visual Studio Version 17
VisualStudioVersion = 17.8.34525.116
MinimumVisualStudioVersion = 10.0.40219.1
Project("{FAE04EC0-301F-11D3-BF4B-00C04F79EFBC}") = "01_MainSubjects", "01_MainSubjects\01_MainSubjects.csproj", "{AEDBD9F9-0AB8-4916-B52B-F7C1A911EE14}"
EndProject
Project("{FAE04EC0-301F-11D3-BF4B-00C04F79EFBC}") = "02_Variables", "02_Variables\02_Variables.csproj", "{0FA9ED33-6D66-4FAB-BC88-3101562DCD40}"
EndProject
Project("{FAE04EC0-301F-11D3-BF4B-00C04F79EFBC}") = "03_MakingDecision", "03_MakingDecision\03_MakingDecision.csproj", "{6E94E5F8-5990-4250-87CC-515A9CFD5AA6}"
EndProject
Project("{FAE04EC0-301F-11D3-BF4B-00C04F79EFBC}") = "04_Loops", "04_Loops\04_Loops.csproj", "{057F744D-E051-4956-95FC-A6EC03CD24B4}"
EndProject
Project("{FAE04EC0-301F-11D3-BF4B-00C04F79EFBC}") = "05_LoopsWithStars", "05_LoopsWithStars\05_LoopsWithStars.csproj", "{A820B375-6C22-4A8D-8462-06966B49BF95}"
EndProject
Project("{FAE04EC0-301F-11D3-BF4B-00C04F79EFBC}") = "06_Arrays", "06_Arrays\06_Arrays.csproj", "{A5F64062-F2B6-4D1C-86B5-7D54E9E0220F}"
EndProject
Project("{FAE04EC0-301F-11D3-BF4B-00C04F79EFBC}") = "07_ForeachLoop", "07_ForeachLoop\07_ForeachLoop.csproj", "{F50E2484-BEBA-4FB7-97F8-C46C7306DEED}"
EndProject
Project("{FAE04EC0-301F-11D3-BF4B-00C04F79EFBC}") = "08_Methods", "08_Methods\08_Methods.csproj", "{9C76A990-42F9-45C8-B62A-F974B5AD6B6A}"
EndProject
Project("{FAE04EC0-301F-11D3-BF4B-00C04F79EFBC}") = "09_DatabaseProject", "09_DatabaseProject\09_DatabaseProject.csproj", "{44507C2E-4D94-43DA-9FC7-AFF58A3D2D3C}"
EndProject
Project("{FAE04EC0-301F-11D3-BF4B-00C04F79EFBC}") = "10_DatabaseCrud", "10_DatabaseCrud\10_DatabaseCrud.csproj", "{F4B27AE7-ACCF-470C-B673-ACDA4A6AC4BB}"
EndProject
Global
	GlobalSection(SolutionConfigurationPlatforms) = preSolution
		Debug|Any CPU = Debug|Any CPU
		Release|Any CPU = Release|Any CPU
	EndGlobalSection
	GlobalSection(ProjectConfigurationPlatforms) = postSolution
		{AEDBD9F9-0AB8-4916-B52B-F7C1A911EE14}.Debug|Any CPU.ActiveCfg = Debug|Any CPU
		{AEDBD9F9-0AB8-4916-B52B-F7C1A911EE14}.Debug|Any CPU.Build.0 = Debug|Any CPU
		{AEDBD9F9-0AB8-4916-B52B-F7C1A911EE14}.Release|Any CPU.ActiveCfg = Release|Any CPU
		{AEDBD9F9-0AB8-4916-B52B-F7C1A911EE14}.Release|Any CPU.Build.0 = Release|Any CPU
		{0FA9ED33-6D66-4FAB-BC88-3101562DCD40}.Debug|Any CPU.ActiveCfg = Debug|Any CPU
		{0FA9ED33-6D66-4FAB-BC88-3101562DCD40}.Debug|Any CPU.Build.0 = Debug|Any CPU
		{0FA9ED33-6D66-4FAB-BC88-3101562DCD40}.Release|Any CPU.ActiveCfg = Release|Any CPU
		{0FA9ED33-6D66-4FAB-BC88-3101562DCD40}.Release|Any CPU.Build.0 = Release|Any CPU
		{6E94E5F8-5990-4250-87CC-515A9CFD5AA6}.Debug|Any CPU.ActiveCfg = Debug|Any CPU
		{6E94E5F8-5990-4250-87CC-515A9CFD5AA6}.Debug|Any CPU.Build.0 = Debug|Any CPU
		{6E94E5F8-5990-4250-87CC-515A9CFD5AA6}.Release|Any CPU.ActiveCfg = Release|Any CPU
		{6E94E5F8-5990-4250-87CC-515A9CFD5AA6}.Release|Any CPU.Build.0 = Release|Any CPU
		{057F744D-E051-4956-95FC-A6EC03CD24B4}.Debug|Any CPU.ActiveCfg = Debug|Any CPU
		{057F744D-E051-4956-95FC-A6EC03CD24B4}.Debug|Any CPU.Build.0 = Debug|Any CPU
		{057F744D-E051-4956-95FC-A6EC03CD24B4}.Release|Any CPU.ActiveCfg = Release|Any CPU
		{057F744D-E051-4956-95FC-A6EC03CD24B4}.Release|Any CPU.Build.0 = Release|Any CPU
		{A820B375-6C22-4A8D-8462-06966B49BF95}.Debug|Any CPU.ActiveCfg = Debug|Any CPU
		{A820B375-6C22-4A8D-8462-06966B49BF95}.Debug|Any CPU.Build.0 = Debug|Any CPU
		{A820B375-6C22-4A8D-8462-06966B49BF95}.Release|Any CPU.ActiveCfg = Release|Any CPU
		{A820B375-6C22-4A8D-8462-06966B49BF95}.Release|Any CPU.Build.0 = Release|Any CPU
		{A5F64062-F2B6-4D1C-86B5-7D54E9E0220F}.Debug|Any CPU.ActiveCfg = Debug|Any CPU
		{A5F64062-F2B6-4D1C-86B5-7D54E9E0220F}.Debug|Any CPU.Build.0 = Debug|Any CPU
		{A5F64062-F2B6-4D1C-86B5-7D54E9E0220F}.Release|Any CPU.ActiveCfg = Release|Any CPU
		{A5F64062-F2B6-4D1C-86B5-7D54E9E0220F}.Release|Any CPU.Build.0 = Release|Any CPU
		{F50E2484-BEBA-4FB7-97F8-C46C7306DEED}.Debug|Any CPU.ActiveCfg = Debug|Any CPU
		{F50E2484-BEBA-4FB7-97F8-C46C7306DEED}.Debug|Any CPU.Build.0 = Debug|Any CPU
		{F50E2484-BEBA-4FB7-97F8-C46C7306DEED}.Release|Any CPU.ActiveCfg = Release|Any CPU
		{F50E2484-BEBA-4FB7-97F8-C46C7306DEED}.Release|Any CPU.Build.0 = Release|Any CPU
		{9C76A990-42F9-45C8-B62A-F974B5AD6B6A}.Debug|Any CPU.ActiveCfg = Debug|Any CPU
		{9C76A990-42F9-45C8-B62A-F974B5AD6B6A}.Debug|Any CPU.Build.0 = Debug|Any CPU
		{9C76A990-42F9-45C8-B62A-F974B5AD6B6A}.Release|Any CPU.ActiveCfg = Release|Any CPU
		{9C76A990-42F9-45C8-B62A-F974B5AD6B6A}.Release|Any CPU.Build.0 = Release|Any CPU
		{44507C2E-4D94-43DA-9FC7-AFF58A3D2D3C}.Debug|Any CPU.ActiveCfg = Debug|Any CPU
		{44507C2E-4D94-43DA-9FC7-AFF58A3D2D3C}.Debug|Any CPU.Build.0 = Debug|Any CPU
		{44507C2E-4D94-43DA-9FC7-AFF58A3D2D3C}.Release|Any CPU.ActiveCfg = Release|Any CPU
		{44507C2E-4D94-43DA-9FC7-AFF58A3D2D3C}.Release|Any CPU.Build.0 = Release|Any CPU
		{F4B27AE7-ACCF-470C-B673-ACDA4A6AC4BB}.Debug|Any CPU.ActiveCfg = Debug|Any CPU
		{F4B27AE7-ACCF-470C-B673-ACDA4A6AC4BB}.Debug|Any CPU.Build.0 = Debug|Any CPU
		{F4B27AE7-ACCF-470C-B673-ACDA4A6AC4BB}.Release|Any CPU.ActiveCfg = Release|Any CPU
		{F4B27AE7-ACCF-470C-B673-ACDA4A6AC4BB}.Release|Any CPU.Build.0 = Release|Any CPU
	EndGlobalSection
	GlobalSection(SolutionProperties) = preSolution
		HideSolutionNode = FALSE
	EndGlobalSection
	GlobalSection(ExtensibilityGlobals) = postSolution
		SolutionGuid = {69E84100-3FCE-41B5-9883-DCC66D613B67}
	EndGlobalSection
EndGlobal
